
Microsoft Visual Studio Solution File, Format Version 12.00
# Visual Studio Version 17
VisualStudioVersion = 17.9.34616.47
MinimumVisualStudioVersion = 10.0.40219.1
Project("{FAE04EC0-301F-11D3-BF4B-00C04F79EFBC}") = "Lession002_Interface", "Lession002_Interface.csproj", "{C2A0E305-E9E3-4590-8449-14A0D4FDB081}"
EndProject
Global
	GlobalSection(SolutionConfigurationPlatforms) = preSolution
		Debug|Any CPU = Debug|Any CPU
		Release|Any CPU = Release|Any CPU
	EndGlobalSection
	GlobalSection(ProjectConfigurationPlatforms) = postSolution
		{C2A0E305-E9E3-4590-8449-14A0D4FDB081}.Debug|Any CPU.ActiveCfg = Debug|Any CPU
		{C2A0E305-E9E3-4590-8449-14A0D4FDB081}.Debug|Any CPU.Build.0 = Debug|Any CPU
		{C2A0E305-E9E3-4590-8449-14A0D4FDB081}.Release|Any CPU.ActiveCfg = Release|Any CPU
		{C2A0E305-E9E3-4590-8449-14A0D4FDB081}.Release|Any CPU.Build.0 = Release|Any CPU
	EndGlobalSection
	GlobalSection(SolutionProperties) = preSolution
		HideSolutionNode = FALSE
	EndGlobalSection
	GlobalSection(ExtensibilityGlobals) = postSolution
		SolutionGuid = {00DB2862-B01B-4B72-9ABE-AB9DB00890B7}
	EndGlobalSection
EndGlobal
